
Microsoft Visual Studio Solution File, Format Version 12.00
# Visual Studio Version 17
VisualStudioVersion = 17.7.34031.279
MinimumVisualStudioVersion = 10.0.40219.1
Project("{FAE04EC0-301F-11D3-BF4B-00C04F79EFBC}") = "Vidly", "Vidly.csproj", "{F8D6DF0F-D464-484D-9645-82A135C35989}"
EndProject
Global
	GlobalSection(SolutionConfigurationPlatforms) = preSolution
		Debug|Any CPU = Debug|Any CPU
		Release|Any CPU = Release|Any CPU
	EndGlobalSection
	GlobalSection(ProjectConfigurationPlatforms) = postSolution
		{F8D6DF0F-D464-484D-9645-82A135C35989}.Debug|Any CPU.ActiveCfg = Debug|Any CPU
		{F8D6DF0F-D464-484D-9645-82A135C35989}.Debug|Any CPU.Build.0 = Debug|Any CPU
		{F8D6DF0F-D464-484D-9645-82A135C35989}.Release|Any CPU.ActiveCfg = Release|Any CPU
		{F8D6DF0F-D464-484D-9645-82A135C35989}.Release|Any CPU.Build.0 = Release|Any CPU
	EndGlobalSection
	GlobalSection(SolutionProperties) = preSolution
		HideSolutionNode = FALSE
	EndGlobalSection
	GlobalSection(ExtensibilityGlobals) = postSolution
		SolutionGuid = {C088FFCC-EB34-43A1-A7FD-5B957BC6157B}
	EndGlobalSection
EndGlobal
